// !$*UTF8*$!
{
	archiveVersion = 1;
	classes = {
	};
	objectVersion = 56;
	objects = {

/* Begin PBXBuildFile section */
		C017FBA52AA9D352007BCFB1 /* BaseKit.docc in Sources */ = {isa = PBXBuildFile; fileRef = C017FBA42AA9D352007BCFB1 /* BaseKit.docc */; };
		C017FBAB2AA9D353007BCFB1 /* BaseKit.framework in Frameworks */ = {isa = PBXBuildFile; fileRef = C017FBA02AA9D352007BCFB1 /* BaseKit.framework */; };
		C017FBB02AA9D353007BCFB1 /* BaseKitTests.swift in Sources */ = {isa = PBXBuildFile; fileRef = C017FBAF2AA9D353007BCFB1 /* BaseKitTests.swift */; };
		C017FBB12AA9D353007BCFB1 /* BaseKit.h in Headers */ = {isa = PBXBuildFile; fileRef = C017FBA32AA9D352007BCFB1 /* BaseKit.h */; settings = {ATTRIBUTES = (Public, ); }; };
		C017FBBC2AA9D4FD007BCFB1 /* UIViewController+Extension.swift in Sources */ = {isa = PBXBuildFile; fileRef = C017FBBB2AA9D4FD007BCFB1 /* UIViewController+Extension.swift */; };
		C017FBBF2AA9D520007BCFB1 /* ConfigurableViewProtocol.swift in Sources */ = {isa = PBXBuildFile; fileRef = C017FBBE2AA9D520007BCFB1 /* ConfigurableViewProtocol.swift */; };
		C017FBC12AA9D53C007BCFB1 /* ReusableViewProtocol.swift in Sources */ = {isa = PBXBuildFile; fileRef = C017FBC02AA9D53C007BCFB1 /* ReusableViewProtocol.swift */; };
		C017FBC32AA9D623007BCFB1 /* BaseViewController.swift in Sources */ = {isa = PBXBuildFile; fileRef = C017FBC22AA9D623007BCFB1 /* BaseViewController.swift */; };
		C017FBC52AA9D638007BCFB1 /* BaseView.swift in Sources */ = {isa = PBXBuildFile; fileRef = C017FBC42AA9D638007BCFB1 /* BaseView.swift */; };
		C017FBC72AA9D6BF007BCFB1 /* BaseCollectionViewCell.swift in Sources */ = {isa = PBXBuildFile; fileRef = C017FBC62AA9D6BF007BCFB1 /* BaseCollectionViewCell.swift */; };
		C017FBC92AA9D950007BCFB1 /* String+Extension.swift in Sources */ = {isa = PBXBuildFile; fileRef = C017FBC82AA9D950007BCFB1 /* String+Extension.swift */; };
		C017FBCB2AA9DC13007BCFB1 /* UICollectionViewFlowLayout+Extension.swift in Sources */ = {isa = PBXBuildFile; fileRef = C017FBCA2AA9DC13007BCFB1 /* UICollectionViewFlowLayout+Extension.swift */; };
/* End PBXBuildFile section */

/* Begin PBXContainerItemProxy section */
		C017FBAC2AA9D353007BCFB1 /* PBXContainerItemProxy */ = {
			isa = PBXContainerItemProxy;
			containerPortal = C017FB972AA9D352007BCFB1 /* Project object */;
			proxyType = 1;
			remoteGlobalIDString = C017FB9F2AA9D352007BCFB1;
			remoteInfo = BaseKit;
		};
/* End PBXContainerItemProxy section */

/* Begin PBXFileReference section */
		C017FBA02AA9D352007BCFB1 /* BaseKit.framework */ = {isa = PBXFileReference; explicitFileType = wrapper.framework; includeInIndex = 0; path = BaseKit.framework; sourceTree = BUILT_PRODUCTS_DIR; };
		C017FBA32AA9D352007BCFB1 /* BaseKit.h */ = {isa = PBXFileReference; lastKnownFileType = sourcecode.c.h; path = BaseKit.h; sourceTree = "<group>"; };
		C017FBA42AA9D352007BCFB1 /* BaseKit.docc */ = {isa = PBXFileReference; lastKnownFileType = folder.documentationcatalog; path = BaseKit.docc; sourceTree = "<group>"; };
		C017FBAA2AA9D353007BCFB1 /* BaseKitTests.xctest */ = {isa = PBXFileReference; explicitFileType = wrapper.cfbundle; includeInIndex = 0; path = BaseKitTests.xctest; sourceTree = BUILT_PRODUCTS_DIR; };
		C017FBAF2AA9D353007BCFB1 /* BaseKitTests.swift */ = {isa = PBXFileReference; lastKnownFileType = sourcecode.swift; path = BaseKitTests.swift; sourceTree = "<group>"; };
		C017FBBB2AA9D4FD007BCFB1 /* UIViewController+Extension.swift */ = {isa = PBXFileReference; lastKnownFileType = sourcecode.swift; path = "UIViewController+Extension.swift"; sourceTree = "<group>"; };
		C017FBBE2AA9D520007BCFB1 /* ConfigurableViewProtocol.swift */ = {isa = PBXFileReference; lastKnownFileType = sourcecode.swift; path = ConfigurableViewProtocol.swift; sourceTree = "<group>"; };
		C017FBC02AA9D53C007BCFB1 /* ReusableViewProtocol.swift */ = {isa = PBXFileReference; lastKnownFileType = sourcecode.swift; path = ReusableViewProtocol.swift; sourceTree = "<group>"; };
		C017FBC22AA9D623007BCFB1 /* BaseViewController.swift */ = {isa = PBXFileReference; lastKnownFileType = sourcecode.swift; path = BaseViewController.swift; sourceTree = "<group>"; };
		C017FBC42AA9D638007BCFB1 /* BaseView.swift */ = {isa = PBXFileReference; lastKnownFileType = sourcecode.swift; path = BaseView.swift; sourceTree = "<group>"; };
		C017FBC62AA9D6BF007BCFB1 /* BaseCollectionViewCell.swift */ = {isa = PBXFileReference; lastKnownFileType = sourcecode.swift; path = BaseCollectionViewCell.swift; sourceTree = "<group>"; };
		C017FBC82AA9D950007BCFB1 /* String+Extension.swift */ = {isa = PBXFileReference; lastKnownFileType = sourcecode.swift; path = "String+Extension.swift"; sourceTree = "<group>"; };
		C017FBCA2AA9DC13007BCFB1 /* UICollectionViewFlowLayout+Extension.swift */ = {isa = PBXFileReference; lastKnownFileType = sourcecode.swift; path = "UICollectionViewFlowLayout+Extension.swift"; sourceTree = "<group>"; };
/* End PBXFileReference section */

/* Begin PBXFrameworksBuildPhase section */
		C017FB9D2AA9D352007BCFB1 /* Frameworks */ = {
			isa = PBXFrameworksBuildPhase;
			buildActionMask = 2147483647;
			files = (
			);
			runOnlyForDeploymentPostprocessing = 0;
		};
		C017FBA72AA9D353007BCFB1 /* Frameworks */ = {
			isa = PBXFrameworksBuildPhase;
			buildActionMask = 2147483647;
			files = (
				C017FBAB2AA9D353007BCFB1 /* BaseKit.framework in Frameworks */,
			);
			runOnlyForDeploymentPostprocessing = 0;
		};
/* End PBXFrameworksBuildPhase section */

/* Begin PBXGroup section */
		C017FB962AA9D352007BCFB1 = {
			isa = PBXGroup;
			children = (
				C017FBA22AA9D352007BCFB1 /* BaseKit */,
				C017FBAE2AA9D353007BCFB1 /* BaseKitTests */,
				C017FBA12AA9D352007BCFB1 /* Products */,
			);
			sourceTree = "<group>";
		};
		C017FBA12AA9D352007BCFB1 /* Products */ = {
			isa = PBXGroup;
			children = (
				C017FBA02AA9D352007BCFB1 /* BaseKit.framework */,
				C017FBAA2AA9D353007BCFB1 /* BaseKitTests.xctest */,
			);
			name = Products;
			sourceTree = "<group>";
		};
		C017FBA22AA9D352007BCFB1 /* BaseKit */ = {
			isa = PBXGroup;
			children = (
				C017FBBD2AA9D50E007BCFB1 /* Protocol */,
				C017FBBA2AA9D4D6007BCFB1 /* Extension */,
				C017FBA32AA9D352007BCFB1 /* BaseKit.h */,
				C017FBA42AA9D352007BCFB1 /* BaseKit.docc */,
				C017FBC22AA9D623007BCFB1 /* BaseViewController.swift */,
				C017FBC42AA9D638007BCFB1 /* BaseView.swift */,
				C017FBC62AA9D6BF007BCFB1 /* BaseCollectionViewCell.swift */,
			);
			path = BaseKit;
			sourceTree = "<group>";
		};
		C017FBAE2AA9D353007BCFB1 /* BaseKitTests */ = {
			isa = PBXGroup;
			children = (
				C017FBAF2AA9D353007BCFB1 /* BaseKitTests.swift */,
			);
			path = BaseKitTests;
			sourceTree = "<group>";
		};
		C017FBBA2AA9D4D6007BCFB1 /* Extension */ = {
			isa = PBXGroup;
			children = (
				C017FBBB2AA9D4FD007BCFB1 /* UIViewController+Extension.swift */,
				C017FBC82AA9D950007BCFB1 /* String+Extension.swift */,
				C017FBCA2AA9DC13007BCFB1 /* UICollectionViewFlowLayout+Extension.swift */,
			);
			path = Extension;
			sourceTree = "<group>";
		};
		C017FBBD2AA9D50E007BCFB1 /* Protocol */ = {
			isa = PBXGroup;
			children = (
				C017FBBE2AA9D520007BCFB1 /* ConfigurableViewProtocol.swift */,
				C017FBC02AA9D53C007BCFB1 /* ReusableViewProtocol.swift */,
			);
			path = Protocol;
			sourceTree = "<group>";
		};
/* End PBXGroup section */

/* Begin PBXHeadersBuildPhase section */
		C017FB9B2AA9D352007BCFB1 /* Headers */ = {
			isa = PBXHeadersBuildPhase;
			buildActionMask = 2147483647;
			files = (
				C017FBB12AA9D353007BCFB1 /* BaseKit.h in Headers */,
			);
			runOnlyForDeploymentPostprocessing = 0;
		};
/* End PBXHeadersBuildPhase section */

/* Begin PBXNativeTarget section */
		C017FB9F2AA9D352007BCFB1 /* BaseKit */ = {
			isa = PBXNativeTarget;
			buildConfigurationList = C017FBB42AA9D353007BCFB1 /* Build configuration list for PBXNativeTarget "BaseKit" */;
			buildPhases = (
				C017FB9B2AA9D352007BCFB1 /* Headers */,
				C017FB9C2AA9D352007BCFB1 /* Sources */,
				C017FB9D2AA9D352007BCFB1 /* Frameworks */,
				C017FB9E2AA9D352007BCFB1 /* Resources */,
			);
			buildRules = (
			);
			dependencies = (
			);
			name = BaseKit;
			productName = BaseKit;
			productReference = C017FBA02AA9D352007BCFB1 /* BaseKit.framework */;
			productType = "com.apple.product-type.framework";
		};
		C017FBA92AA9D353007BCFB1 /* BaseKitTests */ = {
			isa = PBXNativeTarget;
			buildConfigurationList = C017FBB72AA9D353007BCFB1 /* Build configuration list for PBXNativeTarget "BaseKitTests" */;
			buildPhases = (
				C017FBA62AA9D353007BCFB1 /* Sources */,
				C017FBA72AA9D353007BCFB1 /* Frameworks */,
				C017FBA82AA9D353007BCFB1 /* Resources */,
			);
			buildRules = (
			);
			dependencies = (
				C017FBAD2AA9D353007BCFB1 /* PBXTargetDependency */,
			);
			name = BaseKitTests;
			productName = BaseKitTests;
			productReference = C017FBAA2AA9D353007BCFB1 /* BaseKitTests.xctest */;
			productType = "com.apple.product-type.bundle.unit-test";
		};
/* End PBXNativeTarget section */

/* Begin PBXProject section */
		C017FB972AA9D352007BCFB1 /* Project object */ = {
			isa = PBXProject;
			attributes = {
				BuildIndependentTargetsInParallel = 1;
				LastSwiftUpdateCheck = 1430;
				LastUpgradeCheck = 1430;
				TargetAttributes = {
					C017FB9F2AA9D352007BCFB1 = {
						CreatedOnToolsVersion = 14.3.1;
					};
					C017FBA92AA9D353007BCFB1 = {
						CreatedOnToolsVersion = 14.3.1;
					};
				};
			};
			buildConfigurationList = C017FB9A2AA9D352007BCFB1 /* Build configuration list for PBXProject "BaseKit" */;
			compatibilityVersion = "Xcode 14.0";
			developmentRegion = en;
			hasScannedForEncodings = 0;
			knownRegions = (
				en,
				Base,
			);
			mainGroup = C017FB962AA9D352007BCFB1;
			productRefGroup = C017FBA12AA9D352007BCFB1 /* Products */;
			projectDirPath = "";
			projectRoot = "";
			targets = (
				C017FB9F2AA9D352007BCFB1 /* BaseKit */,
				C017FBA92AA9D353007BCFB1 /* BaseKitTests */,
			);
		};
/* End PBXProject section */

/* Begin PBXResourcesBuildPhase section */
		C017FB9E2AA9D352007BCFB1 /* Resources */ = {
			isa = PBXResourcesBuildPhase;
			buildActionMask = 2147483647;
			files = (
			);
			runOnlyForDeploymentPostprocessing = 0;
		};
		C017FBA82AA9D353007BCFB1 /* Resources */ = {
			isa = PBXResourcesBuildPhase;
			buildActionMask = 2147483647;
			files = (
			);
			runOnlyForDeploymentPostprocessing = 0;
		};
/* End PBXResourcesBuildPhase section */

/* Begin PBXSourcesBuildPhase section */
		C017FB9C2AA9D352007BCFB1 /* Sources */ = {
			isa = PBXSourcesBuildPhase;
			buildActionMask = 2147483647;
			files = (
				C017FBC92AA9D950007BCFB1 /* String+Extension.swift in Sources */,
				C017FBCB2AA9DC13007BCFB1 /* UICollectionViewFlowLayout+Extension.swift in Sources */,
				C017FBC32AA9D623007BCFB1 /* BaseViewController.swift in Sources */,
				C017FBC72AA9D6BF007BCFB1 /* BaseCollectionViewCell.swift in Sources */,
				C017FBBC2AA9D4FD007BCFB1 /* UIViewController+Extension.swift in Sources */,
				C017FBC12AA9D53C007BCFB1 /* ReusableViewProtocol.swift in Sources */,
				C017FBC52AA9D638007BCFB1 /* BaseView.swift in Sources */,
				C017FBBF2AA9D520007BCFB1 /* ConfigurableViewProtocol.swift in Sources */,
				C017FBA52AA9D352007BCFB1 /* BaseKit.docc in Sources */,
			);
			runOnlyForDeploymentPostprocessing = 0;
		};
		C017FBA62AA9D353007BCFB1 /* Sources */ = {
			isa = PBXSourcesBuildPhase;
			buildActionMask = 2147483647;
			files = (
				C017FBB02AA9D353007BCFB1 /* BaseKitTests.swift in Sources */,
			);
			runOnlyForDeploymentPostprocessing = 0;
		};
/* End PBXSourcesBuildPhase section */

/* Begin PBXTargetDependency section */
		C017FBAD2AA9D353007BCFB1 /* PBXTargetDependency */ = {
			isa = PBXTargetDependency;
			target = C017FB9F2AA9D352007BCFB1 /* BaseKit */;
			targetProxy = C017FBAC2AA9D353007BCFB1 /* PBXContainerItemProxy */;
		};
/* End PBXTargetDependency section */

/* Begin XCBuildConfiguration section */
		C017FBB22AA9D353007BCFB1 /* Debug */ = {
			isa = XCBuildConfiguration;
			buildSettings = {
				ALWAYS_SEARCH_USER_PATHS = NO;
				CLANG_ANALYZER_NONNULL = YES;
				CLANG_ANALYZER_NUMBER_OBJECT_CONVERSION = YES_AGGRESSIVE;
				CLANG_CXX_LANGUAGE_STANDARD = "gnu++20";
				CLANG_ENABLE_MODULES = YES;
				CLANG_ENABLE_OBJC_ARC = YES;
				CLANG_ENABLE_OBJC_WEAK = YES;
				CLANG_WARN_BLOCK_CAPTURE_AUTORELEASING = YES;
				CLANG_WARN_BOOL_CONVERSION = YES;
				CLANG_WARN_COMMA = YES;
				CLANG_WARN_CONSTANT_CONVERSION = YES;
				CLANG_WARN_DEPRECATED_OBJC_IMPLEMENTATIONS = YES;
				CLANG_WARN_DIRECT_OBJC_ISA_USAGE = YES_ERROR;
				CLANG_WARN_DOCUMENTATION_COMMENTS = YES;
				CLANG_WARN_EMPTY_BODY = YES;
				CLANG_WARN_ENUM_CONVERSION = YES;
				CLANG_WARN_INFINITE_RECURSION = YES;
				CLANG_WARN_INT_CONVERSION = YES;
				CLANG_WARN_NON_LITERAL_NULL_CONVERSION = YES;
				CLANG_WARN_OBJC_IMPLICIT_RETAIN_SELF = YES;
				CLANG_WARN_OBJC_LITERAL_CONVERSION = YES;
				CLANG_WARN_OBJC_ROOT_CLASS = YES_ERROR;
				CLANG_WARN_QUOTED_INCLUDE_IN_FRAMEWORK_HEADER = YES;
				CLANG_WARN_RANGE_LOOP_ANALYSIS = YES;
				CLANG_WARN_STRICT_PROTOTYPES = YES;
				CLANG_WARN_SUSPICIOUS_MOVE = YES;
				CLANG_WARN_UNGUARDED_AVAILABILITY = YES_AGGRESSIVE;
				CLANG_WARN_UNREACHABLE_CODE = YES;
				CLANG_WARN__DUPLICATE_METHOD_MATCH = YES;
				COPY_PHASE_STRIP = NO;
				CURRENT_PROJECT_VERSION = 1;
				DEBUG_INFORMATION_FORMAT = dwarf;
				ENABLE_STRICT_OBJC_MSGSEND = YES;
				ENABLE_TESTABILITY = YES;
				GCC_C_LANGUAGE_STANDARD = gnu11;
				GCC_DYNAMIC_NO_PIC = NO;
				GCC_NO_COMMON_BLOCKS = YES;
				GCC_OPTIMIZATION_LEVEL = 0;
				GCC_PREPROCESSOR_DEFINITIONS = (
					"DEBUG=1",
					"$(inherited)",
				);
				GCC_WARN_64_TO_32_BIT_CONVERSION = YES;
				GCC_WARN_ABOUT_RETURN_TYPE = YES_ERROR;
				GCC_WARN_UNDECLARED_SELECTOR = YES;
				GCC_WARN_UNINITIALIZED_AUTOS = YES_AGGRESSIVE;
				GCC_WARN_UNUSED_FUNCTION = YES;
				GCC_WARN_UNUSED_VARIABLE = YES;
				IPHONEOS_DEPLOYMENT_TARGET = 16.4;
				MTL_ENABLE_DEBUG_INFO = INCLUDE_SOURCE;
				MTL_FAST_MATH = YES;
				ONLY_ACTIVE_ARCH = YES;
				SDKROOT = iphoneos;
				SWIFT_ACTIVE_COMPILATION_CONDITIONS = DEBUG;
				SWIFT_OPTIMIZATION_LEVEL = "-Onone";
				VERSIONING_SYSTEM = "apple-generic";
				VERSION_INFO_PREFIX = "";
			};
			name = Debug;
		};
		C017FBB32AA9D353007BCFB1 /* Release */ = {
			isa = XCBuildConfiguration;
			buildSettings = {
				ALWAYS_SEARCH_USER_PATHS = NO;
				CLANG_ANALYZER_NONNULL = YES;
				CLANG_ANALYZER_NUMBER_OBJECT_CONVERSION = YES_AGGRESSIVE;
				CLANG_CXX_LANGUAGE_STANDARD = "gnu++20";
				CLANG_ENABLE_MODULES = YES;
				CLANG_ENABLE_OBJC_ARC = YES;
				CLANG_ENABLE_OBJC_WEAK = YES;
				CLANG_WARN_BLOCK_CAPTURE_AUTORELEASING = YES;
				CLANG_WARN_BOOL_CONVERSION = YES;
				CLANG_WARN_COMMA = YES;
				CLANG_WARN_CONSTANT_CONVERSION = YES;
				CLANG_WARN_DEPRECATED_OBJC_IMPLEMENTATIONS = YES;
				CLANG_WARN_DIRECT_OBJC_ISA_USAGE = YES_ERROR;
				CLANG_WARN_DOCUMENTATION_COMMENTS = YES;
				CLANG_WARN_EMPTY_BODY = YES;
				CLANG_WARN_ENUM_CONVERSION = YES;
				CLANG_WARN_INFINITE_RECURSION = YES;
				CLANG_WARN_INT_CONVERSION = YES;
				CLANG_WARN_NON_LITERAL_NULL_CONVERSION = YES;
				CLANG_WARN_OBJC_IMPLICIT_RETAIN_SELF = YES;
				CLANG_WARN_OBJC_LITERAL_CONVERSION = YES;
				CLANG_WARN_OBJC_ROOT_CLASS = YES_ERROR;
				CLANG_WARN_QUOTED_INCLUDE_IN_FRAMEWORK_HEADER = YES;
				CLANG_WARN_RANGE_LOOP_ANALYSIS = YES;
				CLANG_WARN_STRICT_PROTOTYPES = YES;
				CLANG_WARN_SUSPICIOUS_MOVE = YES;
				CLANG_WARN_UNGUARDED_AVAILABILITY = YES_AGGRESSIVE;
				CLANG_WARN_UNREACHABLE_CODE = YES;
				CLANG_WARN__DUPLICATE_METHOD_MATCH = YES;
				COPY_PHASE_STRIP = NO;
				CURRENT_PROJECT_VERSION = 1;
				DEBUG_INFORMATION_FORMAT = "dwarf-with-dsym";
				ENABLE_NS_ASSERTIONS = NO;
				ENABLE_STRICT_OBJC_MSGSEND = YES;
				GCC_C_LANGUAGE_STANDARD = gnu11;
				GCC_NO_COMMON_BLOCKS = YES;
				GCC_WARN_64_TO_32_BIT_CONVERSION = YES;
				GCC_WARN_ABOUT_RETURN_TYPE = YES_ERROR;
				GCC_WARN_UNDECLARED_SELECTOR = YES;
				GCC_WARN_UNINITIALIZED_AUTOS = YES_AGGRESSIVE;
				GCC_WARN_UNUSED_FUNCTION = YES;
				GCC_WARN_UNUSED_VARIABLE = YES;
				IPHONEOS_DEPLOYMENT_TARGET = 16.4;
				MTL_ENABLE_DEBUG_INFO = NO;
				MTL_FAST_MATH = YES;
				SDKROOT = iphoneos;
				SWIFT_COMPILATION_MODE = wholemodule;
				SWIFT_OPTIMIZATION_LEVEL = "-O";
				VALIDATE_PRODUCT = YES;
				VERSIONING_SYSTEM = "apple-generic";
				VERSION_INFO_PREFIX = "";
			};
			name = Release;
		};
		C017FBB52AA9D353007BCFB1 /* Debug */ = {
			isa = XCBuildConfiguration;
			buildSettings = {
				CODE_SIGN_STYLE = Automatic;
				CURRENT_PROJECT_VERSION = 1;
				DEFINES_MODULE = YES;
				DEVELOPMENT_TEAM = SV3K237PCX;
				DYLIB_COMPATIBILITY_VERSION = 1;
				DYLIB_CURRENT_VERSION = 1;
				DYLIB_INSTALL_NAME_BASE = "@rpath";
				ENABLE_MODULE_VERIFIER = YES;
				GENERATE_INFOPLIST_FILE = YES;
				INFOPLIST_KEY_NSHumanReadableCopyright = "";
				INSTALL_PATH = "$(LOCAL_LIBRARY_DIR)/Frameworks";
				IPHONEOS_DEPLOYMENT_TARGET = 13.0;
				LD_RUNPATH_SEARCH_PATHS = (
					"$(inherited)",
					"@executable_path/Frameworks",
					"@loader_path/Frameworks",
				);
				MARKETING_VERSION = 1.0;
				MODULE_VERIFIER_SUPPORTED_LANGUAGES = "objective-c objective-c++";
				MODULE_VERIFIER_SUPPORTED_LANGUAGE_STANDARDS = "gnu11 gnu++20";
				PRODUCT_BUNDLE_IDENTIFIER = com.comet.BaseKit;
				PRODUCT_NAME = "$(TARGET_NAME:c99extidentifier)";
				SKIP_INSTALL = YES;
				SWIFT_EMIT_LOC_STRINGS = YES;
				SWIFT_VERSION = 5.0;
				TARGETED_DEVICE_FAMILY = "1,2";
			};
			name = Debug;
		};
		C017FBB62AA9D353007BCFB1 /* Release */ = {
			isa = XCBuildConfiguration;
			buildSettings = {
				CODE_SIGN_STYLE = Automatic;
				CURRENT_PROJECT_VERSION = 1;
				DEFINES_MODULE = YES;
				DEVELOPMENT_TEAM = SV3K237PCX;
				DYLIB_COMPATIBILITY_VERSION = 1;
				DYLIB_CURRENT_VERSION = 1;
				DYLIB_INSTALL_NAME_BASE = "@rpath";
				ENABLE_MODULE_VERIFIER = YES;
				GENERATE_INFOPLIST_FILE = YES;
				INFOPLIST_KEY_NSHumanReadableCopyright = "";
				INSTALL_PATH = "$(LOCAL_LIBRARY_DIR)/Frameworks";
				IPHONEOS_DEPLOYMENT_TARGET = 13.0;
				LD_RUNPATH_SEARCH_PATHS = (
					"$(inherited)",
					"@executable_path/Frameworks",
					"@loader_path/Frameworks",
				);
				MARKETING_VERSION = 1.0;
				MODULE_VERIFIER_SUPPORTED_LANGUAGES = "objective-c objective-c++";
				MODULE_VERIFIER_SUPPORTED_LANGUAGE_STANDARDS = "gnu11 gnu++20";
				PRODUCT_BUNDLE_IDENTIFIER = com.comet.BaseKit;
				PRODUCT_NAME = "$(TARGET_NAME:c99extidentifier)";
				SKIP_INSTALL = YES;
				SWIFT_EMIT_LOC_STRINGS = YES;
				SWIFT_VERSION = 5.0;
				TARGETED_DEVICE_FAMILY = "1,2";
			};
			name = Release;
		};
		C017FBB82AA9D353007BCFB1 /* Debug */ = {
			isa = XCBuildConfiguration;
			buildSettings = {
				ALWAYS_EMBED_SWIFT_STANDARD_LIBRARIES = YES;
				CODE_SIGN_STYLE = Automatic;
				CURRENT_PROJECT_VERSION = 1;
				DEVELOPMENT_TEAM = SV3K237PCX;
				GENERATE_INFOPLIST_FILE = YES;
				MARKETING_VERSION = 1.0;
				PRODUCT_BUNDLE_IDENTIFIER = com.comet.BaseKitTests;
				PRODUCT_NAME = "$(TARGET_NAME)";
				SWIFT_EMIT_LOC_STRINGS = NO;
				SWIFT_VERSION = 5.0;
				TARGETED_DEVICE_FAMILY = "1,2";
			};
			name = Debug;
		};
		C017FBB92AA9D353007BCFB1 /* Release */ = {
			isa = XCBuildConfiguration;
			buildSettings = {
				ALWAYS_EMBED_SWIFT_STANDARD_LIBRARIES = YES;
				CODE_SIGN_STYLE = Automatic;
				CURRENT_PROJECT_VERSION = 1;
				DEVELOPMENT_TEAM = SV3K237PCX;
				GENERATE_INFOPLIST_FILE = YES;
				MARKETING_VERSION = 1.0;
				PRODUCT_BUNDLE_IDENTIFIER = com.comet.BaseKitTests;
				PRODUCT_NAME = "$(TARGET_NAME)";
				SWIFT_EMIT_LOC_STRINGS = NO;
				SWIFT_VERSION = 5.0;
				TARGETED_DEVICE_FAMILY = "1,2";
			};
			name = Release;
		};
/* End XCBuildConfiguration section */

/* Begin XCConfigurationList section */
		C017FB9A2AA9D352007BCFB1 /* Build configuration list for PBXProject "BaseKit" */ = {
			isa = XCConfigurationList;
			buildConfigurations = (
				C017FBB22AA9D353007BCFB1 /* Debug */,
				C017FBB32AA9D353007BCFB1 /* Release */,
			);
			defaultConfigurationIsVisible = 0;
			defaultConfigurationName = Release;
		};
		C017FBB42AA9D353007BCFB1 /* Build configuration list for PBXNativeTarget "BaseKit" */ = {
			isa = XCConfigurationList;
			buildConfigurations = (
				C017FBB52AA9D353007BCFB1 /* Debug */,
				C017FBB62AA9D353007BCFB1 /* Release */,
			);
			defaultConfigurationIsVisible = 0;
			defaultConfigurationName = Release;
		};
		C017FBB72AA9D353007BCFB1 /* Build configuration list for PBXNativeTarget "BaseKitTests" */ = {
			isa = XCConfigurationList;
			buildConfigurations = (
				C017FBB82AA9D353007BCFB1 /* Debug */,
				C017FBB92AA9D353007BCFB1 /* Release */,
			);
			defaultConfigurationIsVisible = 0;
			defaultConfigurationName = Release;
		};
/* End XCConfigurationList section */
	};
	rootObject = C017FB972AA9D352007BCFB1 /* Project object */;
}
